
Microsoft Visual Studio Solution File, Format Version 12.00
# Visual Studio 15
VisualStudioVersion = 15.0.26124.0
MinimumVisualStudioVersion = 15.0.26124.0
Project("{FAE04EC0-301F-11D3-BF4B-00C04F79EFBC}") = "Domain", "Domain\Domain.csproj", "{3C364931-6B26-4FCA-8C5F-33E98ACE279F}"
EndProject
Project("{FAE04EC0-301F-11D3-BF4B-00C04F79EFBC}") = "Application", "Application\Application.csproj", "{986807BD-23B3-4A39-BC27-DFC31B66E83E}"
EndProject
Project("{FAE04EC0-301F-11D3-BF4B-00C04F79EFBC}") = "Persistence", "Persistence\Persistence.csproj", "{49F96E6C-BD11-43D0-8E79-1F0F62CFCA32}"
EndProject
Project("{FAE04EC0-301F-11D3-BF4B-00C04F79EFBC}") = "API", "API\API.csproj", "{F4963F8B-1B59-4DE4-825C-852FD5EC9C93}"
EndProject
Project("{FAE04EC0-301F-11D3-BF4B-00C04F79EFBC}") = "Infrastructure", "Infrastructure\Infrastructure.csproj", "{D8B223A3-AA09-4354-9FA2-1305F37B7628}"
EndProject
Global
	GlobalSection(SolutionConfigurationPlatforms) = preSolution
		Debug|Any CPU = Debug|Any CPU
		Debug|x64 = Debug|x64
		Debug|x86 = Debug|x86
		Release|Any CPU = Release|Any CPU
		Release|x64 = Release|x64
		Release|x86 = Release|x86
	EndGlobalSection
	GlobalSection(SolutionProperties) = preSolution
		HideSolutionNode = FALSE
	EndGlobalSection
	GlobalSection(ProjectConfigurationPlatforms) = postSolution
		{3C364931-6B26-4FCA-8C5F-33E98ACE279F}.Debug|Any CPU.ActiveCfg = Debug|Any CPU
		{3C364931-6B26-4FCA-8C5F-33E98ACE279F}.Debug|Any CPU.Build.0 = Debug|Any CPU
		{3C364931-6B26-4FCA-8C5F-33E98ACE279F}.Debug|x64.ActiveCfg = Debug|Any CPU
		{3C364931-6B26-4FCA-8C5F-33E98ACE279F}.Debug|x64.Build.0 = Debug|Any CPU
		{3C364931-6B26-4FCA-8C5F-33E98ACE279F}.Debug|x86.ActiveCfg = Debug|Any CPU
		{3C364931-6B26-4FCA-8C5F-33E98ACE279F}.Debug|x86.Build.0 = Debug|Any CPU
		{3C364931-6B26-4FCA-8C5F-33E98ACE279F}.Release|Any CPU.ActiveCfg = Release|Any CPU
		{3C364931-6B26-4FCA-8C5F-33E98ACE279F}.Release|Any CPU.Build.0 = Release|Any CPU
		{3C364931-6B26-4FCA-8C5F-33E98ACE279F}.Release|x64.ActiveCfg = Release|Any CPU
		{3C364931-6B26-4FCA-8C5F-33E98ACE279F}.Release|x64.Build.0 = Release|Any CPU
		{3C364931-6B26-4FCA-8C5F-33E98ACE279F}.Release|x86.ActiveCfg = Release|Any CPU
		{3C364931-6B26-4FCA-8C5F-33E98ACE279F}.Release|x86.Build.0 = Release|Any CPU
		{986807BD-23B3-4A39-BC27-DFC31B66E83E}.Debug|Any CPU.ActiveCfg = Debug|Any CPU
		{986807BD-23B3-4A39-BC27-DFC31B66E83E}.Debug|Any CPU.Build.0 = Debug|Any CPU
		{986807BD-23B3-4A39-BC27-DFC31B66E83E}.Debug|x64.ActiveCfg = Debug|Any CPU
		{986807BD-23B3-4A39-BC27-DFC31B66E83E}.Debug|x64.Build.0 = Debug|Any CPU
		{986807BD-23B3-4A39-BC27-DFC31B66E83E}.Debug|x86.ActiveCfg = Debug|Any CPU
		{986807BD-23B3-4A39-BC27-DFC31B66E83E}.Debug|x86.Build.0 = Debug|Any CPU
		{986807BD-23B3-4A39-BC27-DFC31B66E83E}.Release|Any CPU.ActiveCfg = Release|Any CPU
		{986807BD-23B3-4A39-BC27-DFC31B66E83E}.Release|Any CPU.Build.0 = Release|Any CPU
		{986807BD-23B3-4A39-BC27-DFC31B66E83E}.Release|x64.ActiveCfg = Release|Any CPU
		{986807BD-23B3-4A39-BC27-DFC31B66E83E}.Release|x64.Build.0 = Release|Any CPU
		{986807BD-23B3-4A39-BC27-DFC31B66E83E}.Release|x86.ActiveCfg = Release|Any CPU
		{986807BD-23B3-4A39-BC27-DFC31B66E83E}.Release|x86.Build.0 = Release|Any CPU
		{49F96E6C-BD11-43D0-8E79-1F0F62CFCA32}.Debug|Any CPU.ActiveCfg = Debug|Any CPU
		{49F96E6C-BD11-43D0-8E79-1F0F62CFCA32}.Debug|Any CPU.Build.0 = Debug|Any CPU
		{49F96E6C-BD11-43D0-8E79-1F0F62CFCA32}.Debug|x64.ActiveCfg = Debug|Any CPU
		{49F96E6C-BD11-43D0-8E79-1F0F62CFCA32}.Debug|x64.Build.0 = Debug|Any CPU
		{49F96E6C-BD11-43D0-8E79-1F0F62CFCA32}.Debug|x86.ActiveCfg = Debug|Any CPU
		{49F96E6C-BD11-43D0-8E79-1F0F62CFCA32}.Debug|x86.Build.0 = Debug|Any CPU
		{49F96E6C-BD11-43D0-8E79-1F0F62CFCA32}.Release|Any CPU.ActiveCfg = Release|Any CPU
		{49F96E6C-BD11-43D0-8E79-1F0F62CFCA32}.Release|Any CPU.Build.0 = Release|Any CPU
		{49F96E6C-BD11-43D0-8E79-1F0F62CFCA32}.Release|x64.ActiveCfg = Release|Any CPU
		{49F96E6C-BD11-43D0-8E79-1F0F62CFCA32}.Release|x64.Build.0 = Release|Any CPU
		{49F96E6C-BD11-43D0-8E79-1F0F62CFCA32}.Release|x86.ActiveCfg = Release|Any CPU
		{49F96E6C-BD11-43D0-8E79-1F0F62CFCA32}.Release|x86.Build.0 = Release|Any CPU
		{F4963F8B-1B59-4DE4-825C-852FD5EC9C93}.Debug|Any CPU.ActiveCfg = Debug|Any CPU
		{F4963F8B-1B59-4DE4-825C-852FD5EC9C93}.Debug|Any CPU.Build.0 = Debug|Any CPU
		{F4963F8B-1B59-4DE4-825C-852FD5EC9C93}.Debug|x64.ActiveCfg = Debug|Any CPU
		{F4963F8B-1B59-4DE4-825C-852FD5EC9C93}.Debug|x64.Build.0 = Debug|Any CPU
		{F4963F8B-1B59-4DE4-825C-852FD5EC9C93}.Debug|x86.ActiveCfg = Debug|Any CPU
		{F4963F8B-1B59-4DE4-825C-852FD5EC9C93}.Debug|x86.Build.0 = Debug|Any CPU
		{F4963F8B-1B59-4DE4-825C-852FD5EC9C93}.Release|Any CPU.ActiveCfg = Release|Any CPU
		{F4963F8B-1B59-4DE4-825C-852FD5EC9C93}.Release|Any CPU.Build.0 = Release|Any CPU
		{F4963F8B-1B59-4DE4-825C-852FD5EC9C93}.Release|x64.ActiveCfg = Release|Any CPU
		{F4963F8B-1B59-4DE4-825C-852FD5EC9C93}.Release|x64.Build.0 = Release|Any CPU
		{F4963F8B-1B59-4DE4-825C-852FD5EC9C93}.Release|x86.ActiveCfg = Release|Any CPU
		{F4963F8B-1B59-4DE4-825C-852FD5EC9C93}.Release|x86.Build.0 = Release|Any CPU
		{D8B223A3-AA09-4354-9FA2-1305F37B7628}.Debug|Any CPU.ActiveCfg = Debug|Any CPU
		{D8B223A3-AA09-4354-9FA2-1305F37B7628}.Debug|Any CPU.Build.0 = Debug|Any CPU
		{D8B223A3-AA09-4354-9FA2-1305F37B7628}.Debug|x64.ActiveCfg = Debug|Any CPU
		{D8B223A3-AA09-4354-9FA2-1305F37B7628}.Debug|x64.Build.0 = Debug|Any CPU
		{D8B223A3-AA09-4354-9FA2-1305F37B7628}.Debug|x86.ActiveCfg = Debug|Any CPU
		{D8B223A3-AA09-4354-9FA2-1305F37B7628}.Debug|x86.Build.0 = Debug|Any CPU
		{D8B223A3-AA09-4354-9FA2-1305F37B7628}.Release|Any CPU.ActiveCfg = Release|Any CPU
		{D8B223A3-AA09-4354-9FA2-1305F37B7628}.Release|Any CPU.Build.0 = Release|Any CPU
		{D8B223A3-AA09-4354-9FA2-1305F37B7628}.Release|x64.ActiveCfg = Release|Any CPU
		{D8B223A3-AA09-4354-9FA2-1305F37B7628}.Release|x64.Build.0 = Release|Any CPU
		{D8B223A3-AA09-4354-9FA2-1305F37B7628}.Release|x86.ActiveCfg = Release|Any CPU
		{D8B223A3-AA09-4354-9FA2-1305F37B7628}.Release|x86.Build.0 = Release|Any CPU
	EndGlobalSection
EndGlobal
